
Microsoft Visual Studio Solution File, Format Version 12.00
# Visual Studio Version 17
VisualStudioVersion = 17.10.35004.147
MinimumVisualStudioVersion = 10.0.40219.1
Project("{FAE04EC0-301F-11D3-BF4B-00C04F79EFBC}") = "TrabajoFinal", "TrabajoFinal\TrabajoFinal.csproj", "{0A7D4866-6ABC-45EC-9ACF-27165059DF31}"
EndProject
Global
	GlobalSection(SolutionConfigurationPlatforms) = preSolution
		Debug|Any CPU = Debug|Any CPU
		Release|Any CPU = Release|Any CPU
	EndGlobalSection
	GlobalSection(ProjectConfigurationPlatforms) = postSolution
		{0A7D4866-6ABC-45EC-9ACF-27165059DF31}.Debug|Any CPU.ActiveCfg = Debug|Any CPU
		{0A7D4866-6ABC-45EC-9ACF-27165059DF31}.Debug|Any CPU.Build.0 = Debug|Any CPU
		{0A7D4866-6ABC-45EC-9ACF-27165059DF31}.Release|Any CPU.ActiveCfg = Release|Any CPU
		{0A7D4866-6ABC-45EC-9ACF-27165059DF31}.Release|Any CPU.Build.0 = Release|Any CPU
	EndGlobalSection
	GlobalSection(SolutionProperties) = preSolution
		HideSolutionNode = FALSE
	EndGlobalSection
	GlobalSection(ExtensibilityGlobals) = postSolution
		SolutionGuid = {1669472C-ABCA-458B-B042-141BE8D191AA}
	EndGlobalSection
EndGlobal
